
Microsoft Visual Studio Solution File, Format Version 12.00
# Visual Studio Version 16
VisualStudioVersion = 16.0.30523.141
MinimumVisualStudioVersion = 10.0.40219.1
Project("{FAE04EC0-301F-11D3-BF4B-00C04F79EFBC}") = "Tests Generator", "Tests Generator\Tests Generator.csproj", "{DB14EA12-7B37-4291-9F05-81599C791781}"
EndProject
Project("{FAE04EC0-301F-11D3-BF4B-00C04F79EFBC}") = "GeneratorTestClasses", "GeneratorTestClasses\GeneratorTestClasses.csproj", "{ADD5B16A-D7B1-4B5E-9B76-62830D516125}"
EndProject
Global
	GlobalSection(SolutionConfigurationPlatforms) = preSolution
		Debug|Any CPU = Debug|Any CPU
		Release|Any CPU = Release|Any CPU
	EndGlobalSection
	GlobalSection(ProjectConfigurationPlatforms) = postSolution
		{DB14EA12-7B37-4291-9F05-81599C791781}.Debug|Any CPU.ActiveCfg = Debug|Any CPU
		{DB14EA12-7B37-4291-9F05-81599C791781}.Debug|Any CPU.Build.0 = Debug|Any CPU
		{DB14EA12-7B37-4291-9F05-81599C791781}.Release|Any CPU.ActiveCfg = Release|Any CPU
		{DB14EA12-7B37-4291-9F05-81599C791781}.Release|Any CPU.Build.0 = Release|Any CPU
		{ADD5B16A-D7B1-4B5E-9B76-62830D516125}.Debug|Any CPU.ActiveCfg = Debug|Any CPU
		{ADD5B16A-D7B1-4B5E-9B76-62830D516125}.Debug|Any CPU.Build.0 = Debug|Any CPU
		{ADD5B16A-D7B1-4B5E-9B76-62830D516125}.Release|Any CPU.ActiveCfg = Release|Any CPU
		{ADD5B16A-D7B1-4B5E-9B76-62830D516125}.Release|Any CPU.Build.0 = Release|Any CPU
	EndGlobalSection
	GlobalSection(SolutionProperties) = preSolution
		HideSolutionNode = FALSE
	EndGlobalSection
	GlobalSection(ExtensibilityGlobals) = postSolution
		SolutionGuid = {69918BE3-AE4D-4C43-BDB7-A7AFAA21C712}
	EndGlobalSection
EndGlobal
